// !$*UTF8*$!
{
	archiveVersion = 1;
	classes = {
	};
	objectVersion = 48;
	objects = {

/* Begin PBXBuildFile section */
		03DEC3E847BDD49E093188C0 /* Pods_testingTinderSwipe.framework in Frameworks */ = {isa = PBXBuildFile; fileRef = 6666F44D7EC1B827DE8327B0 /* Pods_testingTinderSwipe.framework */; };
		3A448D20206F96CF003B1BF2 /* Projects.swift in Sources */ = {isa = PBXBuildFile; fileRef = 3A448D1F206F96CF003B1BF2 /* Projects.swift */; };
		3A448D22206F98D6003B1BF2 /* FakeDataGenerator.swift in Sources */ = {isa = PBXBuildFile; fileRef = 3A448D21206F98D6003B1BF2 /* FakeDataGenerator.swift */; };
		E10A09362014A76700A92931 /* Screen Shot.png in Resources */ = {isa = PBXBuildFile; fileRef = E10A09352014A76700A92931 /* Screen Shot.png */; };
		E1B2075B2014956500E0A3A2 /* Assets.xcassets in Resources */ = {isa = PBXBuildFile; fileRef = E1B2075A2014956400E0A3A2 /* Assets.xcassets */; };
		E1B3FCA01FBDA0FD0038ADF9 /* AppDelegate.swift in Sources */ = {isa = PBXBuildFile; fileRef = E1B3FC9F1FBDA0FD0038ADF9 /* AppDelegate.swift */; };
		E1B3FCA21FBDA0FD0038ADF9 /* ViewController.swift in Sources */ = {isa = PBXBuildFile; fileRef = E1B3FCA11FBDA0FD0038ADF9 /* ViewController.swift */; };
		E1B3FCA51FBDA0FD0038ADF9 /* Main.storyboard in Resources */ = {isa = PBXBuildFile; fileRef = E1B3FCA31FBDA0FD0038ADF9 /* Main.storyboard */; };
		E1B3FCAA1FBDA0FD0038ADF9 /* LaunchScreen.storyboard in Resources */ = {isa = PBXBuildFile; fileRef = E1B3FCA81FBDA0FD0038ADF9 /* LaunchScreen.storyboard */; };
		E1B3FCB41FBDA13D0038ADF9 /* TinderCard.swift in Sources */ = {isa = PBXBuildFile; fileRef = E1B3FCB31FBDA13D0038ADF9 /* TinderCard.swift */; };
/* End PBXBuildFile section */

/* Begin PBXFileReference section */
		3A448D1F206F96CF003B1BF2 /* Projects.swift */ = {isa = PBXFileReference; lastKnownFileType = sourcecode.swift; path = Projects.swift; sourceTree = "<group>"; };
		3A448D21206F98D6003B1BF2 /* FakeDataGenerator.swift */ = {isa = PBXFileReference; lastKnownFileType = sourcecode.swift; path = FakeDataGenerator.swift; sourceTree = "<group>"; };
		6666F44D7EC1B827DE8327B0 /* Pods_testingTinderSwipe.framework */ = {isa = PBXFileReference; explicitFileType = wrapper.framework; includeInIndex = 0; path = Pods_testingTinderSwipe.framework; sourceTree = BUILT_PRODUCTS_DIR; };
		B5199C4809F50FFD9F2745BA /* Pods-testingTinderSwipe.debug.xcconfig */ = {isa = PBXFileReference; includeInIndex = 1; lastKnownFileType = text.xcconfig; name = "Pods-testingTinderSwipe.debug.xcconfig"; path = "Pods/Target Support Files/Pods-testingTinderSwipe/Pods-testingTinderSwipe.debug.xcconfig"; sourceTree = "<group>"; };
		DF1FBD6F974CB30A0D6658AB /* Pods-testingTinderSwipe.release.xcconfig */ = {isa = PBXFileReference; includeInIndex = 1; lastKnownFileType = text.xcconfig; name = "Pods-testingTinderSwipe.release.xcconfig"; path = "Pods/Target Support Files/Pods-testingTinderSwipe/Pods-testingTinderSwipe.release.xcconfig"; sourceTree = "<group>"; };
		E10A09352014A76700A92931 /* Screen Shot.png */ = {isa = PBXFileReference; lastKnownFileType = image.png; path = "Screen Shot.png"; sourceTree = "<group>"; };
		E1B2075A2014956400E0A3A2 /* Assets.xcassets */ = {isa = PBXFileReference; lastKnownFileType = folder.assetcatalog; path = Assets.xcassets; sourceTree = "<group>"; };
		E1B3FC9C1FBDA0FD0038ADF9 /* testingTinderSwipe.app */ = {isa = PBXFileReference; explicitFileType = wrapper.application; includeInIndex = 0; path = testingTinderSwipe.app; sourceTree = BUILT_PRODUCTS_DIR; };
		E1B3FC9F1FBDA0FD0038ADF9 /* AppDelegate.swift */ = {isa = PBXFileReference; lastKnownFileType = sourcecode.swift; path = AppDelegate.swift; sourceTree = "<group>"; };
		E1B3FCA11FBDA0FD0038ADF9 /* ViewController.swift */ = {isa = PBXFileReference; lastKnownFileType = sourcecode.swift; path = ViewController.swift; sourceTree = "<group>"; };
		E1B3FCA41FBDA0FD0038ADF9 /* Base */ = {isa = PBXFileReference; lastKnownFileType = file.storyboard; name = Base; path = Base.lproj/Main.storyboard; sourceTree = "<group>"; };
		E1B3FCA91FBDA0FD0038ADF9 /* Base */ = {isa = PBXFileReference; lastKnownFileType = file.storyboard; name = Base; path = Base.lproj/LaunchScreen.storyboard; sourceTree = "<group>"; };
		E1B3FCAB1FBDA0FD0038ADF9 /* Info.plist */ = {isa = PBXFileReference; lastKnownFileType = text.plist.xml; path = Info.plist; sourceTree = "<group>"; };
		E1B3FCB31FBDA13D0038ADF9 /* TinderCard.swift */ = {isa = PBXFileReference; lastKnownFileType = sourcecode.swift; path = TinderCard.swift; sourceTree = "<group>"; };
/* End PBXFileReference section */

/* Begin PBXFrameworksBuildPhase section */
		E1B3FC991FBDA0FD0038ADF9 /* Frameworks */ = {
			isa = PBXFrameworksBuildPhase;
			buildActionMask = 2147483647;
			files = (
				03DEC3E847BDD49E093188C0 /* Pods_testingTinderSwipe.framework in Frameworks */,
			);
			runOnlyForDeploymentPostprocessing = 0;
		};
/* End PBXFrameworksBuildPhase section */

/* Begin PBXGroup section */
		0C9392D00B5BD442EA80D64F /* Frameworks */ = {
			isa = PBXGroup;
			children = (
				6666F44D7EC1B827DE8327B0 /* Pods_testingTinderSwipe.framework */,
			);
			name = Frameworks;
			sourceTree = "<group>";
		};
		2F56413B2C70E6F573C077AF /* Pods */ = {
			isa = PBXGroup;
			children = (
				B5199C4809F50FFD9F2745BA /* Pods-testingTinderSwipe.debug.xcconfig */,
				DF1FBD6F974CB30A0D6658AB /* Pods-testingTinderSwipe.release.xcconfig */,
			);
			name = Pods;
			sourceTree = "<group>";
		};
		3A448D1E206F95C3003B1BF2 /* Model */ = {
			isa = PBXGroup;
			children = (
				3A448D1F206F96CF003B1BF2 /* Projects.swift */,
				3A448D21206F98D6003B1BF2 /* FakeDataGenerator.swift */,
			);
			path = Model;
			sourceTree = "<group>";
		};
		E1B3FC931FBDA0FD0038ADF9 = {
			isa = PBXGroup;
			children = (
				E1B3FC9E1FBDA0FD0038ADF9 /* testingTinderSwipe */,
				E1B3FC9D1FBDA0FD0038ADF9 /* Products */,
				2F56413B2C70E6F573C077AF /* Pods */,
				0C9392D00B5BD442EA80D64F /* Frameworks */,
			);
			sourceTree = "<group>";
		};
		E1B3FC9D1FBDA0FD0038ADF9 /* Products */ = {
			isa = PBXGroup;
			children = (
				E1B3FC9C1FBDA0FD0038ADF9 /* testingTinderSwipe.app */,
			);
			name = Products;
			sourceTree = "<group>";
		};
		E1B3FC9E1FBDA0FD0038ADF9 /* testingTinderSwipe */ = {
			isa = PBXGroup;
			children = (
				3A448D1E206F95C3003B1BF2 /* Model */,
				E10A09352014A76700A92931 /* Screen Shot.png */,
				E1B3FC9F1FBDA0FD0038ADF9 /* AppDelegate.swift */,
				E1B3FCA11FBDA0FD0038ADF9 /* ViewController.swift */,
				E1B3FCB31FBDA13D0038ADF9 /* TinderCard.swift */,
				E1B2075A2014956400E0A3A2 /* Assets.xcassets */,
				E1B3FCA31FBDA0FD0038ADF9 /* Main.storyboard */,
				E1B3FCA81FBDA0FD0038ADF9 /* LaunchScreen.storyboard */,
				E1B3FCAB1FBDA0FD0038ADF9 /* Info.plist */,
			);
			path = testingTinderSwipe;
			sourceTree = "<group>";
		};
/* End PBXGroup section */

/* Begin PBXNativeTarget section */
		E1B3FC9B1FBDA0FD0038ADF9 /* testingTinderSwipe */ = {
			isa = PBXNativeTarget;
			buildConfigurationList = E1B3FCAE1FBDA0FD0038ADF9 /* Build configuration list for PBXNativeTarget "testingTinderSwipe" */;
			buildPhases = (
				18E3400BFDC810DE0B39109B /* [CP] Check Pods Manifest.lock */,
				E1B3FC981FBDA0FD0038ADF9 /* Sources */,
				E1B3FC991FBDA0FD0038ADF9 /* Frameworks */,
				E1B3FC9A1FBDA0FD0038ADF9 /* Resources */,
				51F17CC62AF45012650A94DE /* [CP] Embed Pods Frameworks */,
				3C239594AC19913E9D3F2162 /* [CP] Copy Pods Resources */,
			);
			buildRules = (
			);
			dependencies = (
			);
			name = testingTinderSwipe;
			productName = testingTinderSwipe;
			productReference = E1B3FC9C1FBDA0FD0038ADF9 /* testingTinderSwipe.app */;
			productType = "com.apple.product-type.application";
		};
/* End PBXNativeTarget section */

/* Begin PBXProject section */
		E1B3FC941FBDA0FD0038ADF9 /* Project object */ = {
			isa = PBXProject;
			attributes = {
				LastSwiftUpdateCheck = 0910;
				LastUpgradeCheck = 0910;
				ORGANIZATIONNAME = Nicky;
				TargetAttributes = {
					E1B3FC9B1FBDA0FD0038ADF9 = {
						CreatedOnToolsVersion = 9.1;
						ProvisioningStyle = Automatic;
					};
				};
			};
			buildConfigurationList = E1B3FC971FBDA0FD0038ADF9 /* Build configuration list for PBXProject "testingTinderSwipe" */;
			compatibilityVersion = "Xcode 8.0";
			developmentRegion = en;
			hasScannedForEncodings = 0;
			knownRegions = (
				en,
				Base,
			);
			mainGroup = E1B3FC931FBDA0FD0038ADF9;
			productRefGroup = E1B3FC9D1FBDA0FD0038ADF9 /* Products */;
			projectDirPath = "";
			projectRoot = "";
			targets = (
				E1B3FC9B1FBDA0FD0038ADF9 /* testingTinderSwipe */,
			);
		};
/* End PBXProject section */

/* Begin PBXResourcesBuildPhase section */
		E1B3FC9A1FBDA0FD0038ADF9 /* Resources */ = {
			isa = PBXResourcesBuildPhase;
			buildActionMask = 2147483647;
			files = (
				E10A09362014A76700A92931 /* Screen Shot.png in Resources */,
				E1B3FCAA1FBDA0FD0038ADF9 /* LaunchScreen.storyboard in Resources */,
				E1B2075B2014956500E0A3A2 /* Assets.xcassets in Resources */,
				E1B3FCA51FBDA0FD0038ADF9 /* Main.storyboard in Resources */,
			);
			runOnlyForDeploymentPostprocessing = 0;
		};
/* End PBXResourcesBuildPhase section */

/* Begin PBXShellScriptBuildPhase section */
		18E3400BFDC810DE0B39109B /* [CP] Check Pods Manifest.lock */ = {
			isa = PBXShellScriptBuildPhase;
			buildActionMask = 2147483647;
			files = (
			);
			inputPaths = (
				"${PODS_PODFILE_DIR_PATH}/Podfile.lock",
				"${PODS_ROOT}/Manifest.lock",
			);
			name = "[CP] Check Pods Manifest.lock";
			outputPaths = (
				"$(DERIVED_FILE_DIR)/Pods-testingTinderSwipe-checkManifestLockResult.txt",
			);
			runOnlyForDeploymentPostprocessing = 0;
			shellPath = /bin/sh;
			shellScript = "diff \"${PODS_PODFILE_DIR_PATH}/Podfile.lock\" \"${PODS_ROOT}/Manifest.lock\" > /dev/null\nif [ $? != 0 ] ; then\n    # print error to STDERR\n    echo \"error: The sandbox is not in sync with the Podfile.lock. Run 'pod install' or update your CocoaPods installation.\" >&2\n    exit 1\nfi\n# This output is used by Xcode 'outputs' to avoid re-running this script phase.\necho \"SUCCESS\" > \"${SCRIPT_OUTPUT_FILE_0}\"\n";
			showEnvVarsInLog = 0;
		};
		3C239594AC19913E9D3F2162 /* [CP] Copy Pods Resources */ = {
			isa = PBXShellScriptBuildPhase;
			buildActionMask = 2147483647;
			files = (
			);
			inputPaths = (
			);
			name = "[CP] Copy Pods Resources";
			outputPaths = (
			);
			runOnlyForDeploymentPostprocessing = 0;
			shellPath = /bin/sh;
			shellScript = "\"${SRCROOT}/Pods/Target Support Files/Pods-testingTinderSwipe/Pods-testingTinderSwipe-resources.sh\"\n";
			showEnvVarsInLog = 0;
		};
		51F17CC62AF45012650A94DE /* [CP] Embed Pods Frameworks */ = {
			isa = PBXShellScriptBuildPhase;
			buildActionMask = 2147483647;
			files = (
			);
			inputPaths = (
				"${SRCROOT}/Pods/Target Support Files/Pods-testingTinderSwipe/Pods-testingTinderSwipe-frameworks.sh",
				"${BUILT_PRODUCTS_DIR}/Alamofire/Alamofire.framework",
				"${BUILT_PRODUCTS_DIR}/AlamofireObjectMapper/AlamofireObjectMapper.framework",
				"${BUILT_PRODUCTS_DIR}/ChameleonFramework/ChameleonFramework.framework",
				"${BUILT_PRODUCTS_DIR}/GoogleToolboxForMac/GoogleToolboxForMac.framework",
				"${BUILT_PRODUCTS_DIR}/Hero/Hero.framework",
				"${BUILT_PRODUCTS_DIR}/Kingfisher/Kingfisher.framework",
				"${BUILT_PRODUCTS_DIR}/ObjectMapper/ObjectMapper.framework",
				"${BUILT_PRODUCTS_DIR}/Protobuf/Protobuf.framework",
				"${BUILT_PRODUCTS_DIR}/Realm/Realm.framework",
				"${BUILT_PRODUCTS_DIR}/RealmSwift/RealmSwift.framework",
				"${BUILT_PRODUCTS_DIR}/UIEmptyState/UIEmptyState.framework",
				"${BUILT_PRODUCTS_DIR}/nanopb/nanopb.framework",
			);
			name = "[CP] Embed Pods Frameworks";
			outputPaths = (
				"${TARGET_BUILD_DIR}/${FRAMEWORKS_FOLDER_PATH}/Alamofire.framework",
				"${TARGET_BUILD_DIR}/${FRAMEWORKS_FOLDER_PATH}/AlamofireObjectMapper.framework",
				"${TARGET_BUILD_DIR}/${FRAMEWORKS_FOLDER_PATH}/ChameleonFramework.framework",
				"${TARGET_BUILD_DIR}/${FRAMEWORKS_FOLDER_PATH}/GoogleToolboxForMac.framework",
				"${TARGET_BUILD_DIR}/${FRAMEWORKS_FOLDER_PATH}/Hero.framework",
				"${TARGET_BUILD_DIR}/${FRAMEWORKS_FOLDER_PATH}/Kingfisher.framework",
				"${TARGET_BUILD_DIR}/${FRAMEWORKS_FOLDER_PATH}/ObjectMapper.framework",
				"${TARGET_BUILD_DIR}/${FRAMEWORKS_FOLDER_PATH}/Protobuf.framework",
				"${TARGET_BUILD_DIR}/${FRAMEWORKS_FOLDER_PATH}/Realm.framework",
				"${TARGET_BUILD_DIR}/${FRAMEWORKS_FOLDER_PATH}/RealmSwift.framework",
				"${TARGET_BUILD_DIR}/${FRAMEWORKS_FOLDER_PATH}/UIEmptyState.framework",
				"${TARGET_BUILD_DIR}/${FRAMEWORKS_FOLDER_PATH}/nanopb.framework",
			);
			runOnlyForDeploymentPostprocessing = 0;
			shellPath = /bin/sh;
			shellScript = "\"${SRCROOT}/Pods/Target Support Files/Pods-testingTinderSwipe/Pods-testingTinderSwipe-frameworks.sh\"\n";
			showEnvVarsInLog = 0;
		};
/* End PBXShellScriptBuildPhase section */

/* Begin PBXSourcesBuildPhase section */
		E1B3FC981FBDA0FD0038ADF9 /* Sources */ = {
			isa = PBXSourcesBuildPhase;
			buildActionMask = 2147483647;
			files = (
				E1B3FCA21FBDA0FD0038ADF9 /* ViewController.swift in Sources */,
				E1B3FCA01FBDA0FD0038ADF9 /* AppDelegate.swift in Sources */,
				E1B3FCB41FBDA13D0038ADF9 /* TinderCard.swift in Sources */,
				3A448D22206F98D6003B1BF2 /* FakeDataGenerator.swift in Sources */,
				3A448D20206F96CF003B1BF2 /* Projects.swift in Sources */,
			);
			runOnlyForDeploymentPostprocessing = 0;
		};
/* End PBXSourcesBuildPhase section */

/* Begin PBXVariantGroup section */
		E1B3FCA31FBDA0FD0038ADF9 /* Main.storyboard */ = {
			isa = PBXVariantGroup;
			children = (
				E1B3FCA41FBDA0FD0038ADF9 /* Base */,
			);
			name = Main.storyboard;
			sourceTree = "<group>";
		};
		E1B3FCA81FBDA0FD0038ADF9 /* LaunchScreen.storyboard */ = {
			isa = PBXVariantGroup;
			children = (
				E1B3FCA91FBDA0FD0038ADF9 /* Base */,
			);
			name = LaunchScreen.storyboard;
			sourceTree = "<group>";
		};
/* End PBXVariantGroup section */

/* Begin XCBuildConfiguration section */
		E1B3FCAC1FBDA0FD0038ADF9 /* Debug */ = {
			isa = XCBuildConfiguration;
			buildSettings = {
				ALWAYS_SEARCH_USER_PATHS = NO;
				CLANG_ANALYZER_NONNULL = YES;
				CLANG_ANALYZER_NUMBER_OBJECT_CONVERSION = YES_AGGRESSIVE;
				CLANG_CXX_LANGUAGE_STANDARD = "gnu++14";
				CLANG_CXX_LIBRARY = "libc++";
				CLANG_ENABLE_MODULES = YES;
				CLANG_ENABLE_OBJC_ARC = YES;
				CLANG_WARN_BLOCK_CAPTURE_AUTORELEASING = YES;
				CLANG_WARN_BOOL_CONVERSION = YES;
				CLANG_WARN_COMMA = YES;
				CLANG_WARN_CONSTANT_CONVERSION = YES;
				CLANG_WARN_DIRECT_OBJC_ISA_USAGE = YES_ERROR;
				CLANG_WARN_DOCUMENTATION_COMMENTS = YES;
				CLANG_WARN_EMPTY_BODY = YES;
				CLANG_WARN_ENUM_CONVERSION = YES;
				CLANG_WARN_INFINITE_RECURSION = YES;
				CLANG_WARN_INT_CONVERSION = YES;
				CLANG_WARN_NON_LITERAL_NULL_CONVERSION = YES;
				CLANG_WARN_OBJC_LITERAL_CONVERSION = YES;
				CLANG_WARN_OBJC_ROOT_CLASS = YES_ERROR;
				CLANG_WARN_RANGE_LOOP_ANALYSIS = YES;
				CLANG_WARN_STRICT_PROTOTYPES = YES;
				CLANG_WARN_SUSPICIOUS_MOVE = YES;
				CLANG_WARN_UNGUARDED_AVAILABILITY = YES_AGGRESSIVE;
				CLANG_WARN_UNREACHABLE_CODE = YES;
				CLANG_WARN__DUPLICATE_METHOD_MATCH = YES;
				CODE_SIGN_IDENTITY = "iPhone Developer";
				COPY_PHASE_STRIP = NO;
				DEBUG_INFORMATION_FORMAT = dwarf;
				ENABLE_STRICT_OBJC_MSGSEND = YES;
				ENABLE_TESTABILITY = YES;
				GCC_C_LANGUAGE_STANDARD = gnu11;
				GCC_DYNAMIC_NO_PIC = NO;
				GCC_NO_COMMON_BLOCKS = YES;
				GCC_OPTIMIZATION_LEVEL = 0;
				GCC_PREPROCESSOR_DEFINITIONS = (
					"DEBUG=1",
					"$(inherited)",
				);
				GCC_WARN_64_TO_32_BIT_CONVERSION = YES;
				GCC_WARN_ABOUT_RETURN_TYPE = YES_ERROR;
				GCC_WARN_UNDECLARED_SELECTOR = YES;
				GCC_WARN_UNINITIALIZED_AUTOS = YES_AGGRESSIVE;
				GCC_WARN_UNUSED_FUNCTION = YES;
				GCC_WARN_UNUSED_VARIABLE = YES;
				IPHONEOS_DEPLOYMENT_TARGET = 11.1;
				MTL_ENABLE_DEBUG_INFO = YES;
				ONLY_ACTIVE_ARCH = YES;
				SDKROOT = iphoneos;
				SWIFT_ACTIVE_COMPILATION_CONDITIONS = DEBUG;
				SWIFT_OPTIMIZATION_LEVEL = "-Onone";
			};
			name = Debug;
		};
		E1B3FCAD1FBDA0FD0038ADF9 /* Release */ = {
			isa = XCBuildConfiguration;
			buildSettings = {
				ALWAYS_SEARCH_USER_PATHS = NO;
				CLANG_ANALYZER_NONNULL = YES;
				CLANG_ANALYZER_NUMBER_OBJECT_CONVERSION = YES_AGGRESSIVE;
				CLANG_CXX_LANGUAGE_STANDARD = "gnu++14";
				CLANG_CXX_LIBRARY = "libc++";
				CLANG_ENABLE_MODULES = YES;
				CLANG_ENABLE_OBJC_ARC = YES;
				CLANG_WARN_BLOCK_CAPTURE_AUTORELEASING = YES;
				CLANG_WARN_BOOL_CONVERSION = YES;
				CLANG_WARN_COMMA = YES;
				CLANG_WARN_CONSTANT_CONVERSION = YES;
				CLANG_WARN_DIRECT_OBJC_ISA_USAGE = YES_ERROR;
				CLANG_WARN_DOCUMENTATION_COMMENTS = YES;
				CLANG_WARN_EMPTY_BODY = YES;
				CLANG_WARN_ENUM_CONVERSION = YES;
				CLANG_WARN_INFINITE_RECURSION = YES;
				CLANG_WARN_INT_CONVERSION = YES;
				CLANG_WARN_NON_LITERAL_NULL_CONVERSION = YES;
				CLANG_WARN_OBJC_LITERAL_CONVERSION = YES;
				CLANG_WARN_OBJC_ROOT_CLASS = YES_ERROR;
				CLANG_WARN_RANGE_LOOP_ANALYSIS = YES;
				CLANG_WARN_STRICT_PROTOTYPES = YES;
				CLANG_WARN_SUSPICIOUS_MOVE = YES;
				CLANG_WARN_UNGUARDED_AVAILABILITY = YES_AGGRESSIVE;
				CLANG_WARN_UNREACHABLE_CODE = YES;
				CLANG_WARN__DUPLICATE_METHOD_MATCH = YES;
				CODE_SIGN_IDENTITY = "iPhone Developer";
				COPY_PHASE_STRIP = NO;
				DEBUG_INFORMATION_FORMAT = "dwarf-with-dsym";
				ENABLE_NS_ASSERTIONS = NO;
				ENABLE_STRICT_OBJC_MSGSEND = YES;
				GCC_C_LANGUAGE_STANDARD = gnu11;
				GCC_NO_COMMON_BLOCKS = YES;
				GCC_WARN_64_TO_32_BIT_CONVERSION = YES;
				GCC_WARN_ABOUT_RETURN_TYPE = YES_ERROR;
				GCC_WARN_UNDECLARED_SELECTOR = YES;
				GCC_WARN_UNINITIALIZED_AUTOS = YES_AGGRESSIVE;
				GCC_WARN_UNUSED_FUNCTION = YES;
				GCC_WARN_UNUSED_VARIABLE = YES;
				IPHONEOS_DEPLOYMENT_TARGET = 11.1;
				MTL_ENABLE_DEBUG_INFO = NO;
				SDKROOT = iphoneos;
				SWIFT_OPTIMIZATION_LEVEL = "-Owholemodule";
				VALIDATE_PRODUCT = YES;
			};
			name = Release;
		};
		E1B3FCAF1FBDA0FD0038ADF9 /* Debug */ = {
			isa = XCBuildConfiguration;
			baseConfigurationReference = B5199C4809F50FFD9F2745BA /* Pods-testingTinderSwipe.debug.xcconfig */;
			buildSettings = {
				ASSETCATALOG_COMPILER_APPICON_NAME = AppIcon;
				CODE_SIGN_STYLE = Automatic;
				DEVELOPMENT_TEAM = Z4DQ55RV4A;
				INFOPLIST_FILE = testingTinderSwipe/Info.plist;
				IPHONEOS_DEPLOYMENT_TARGET = 11.0;
				LD_RUNPATH_SEARCH_PATHS = "$(inherited) @executable_path/Frameworks";
				PRODUCT_BUNDLE_IDENTIFIER = com.prpg.testingTinderSwipe;
				PRODUCT_NAME = "$(TARGET_NAME)";
				SWIFT_VERSION = 4.0;
				TARGETED_DEVICE_FAMILY = "1,2";
			};
			name = Debug;
		};
		E1B3FCB01FBDA0FD0038ADF9 /* Release */ = {
			isa = XCBuildConfiguration;
			baseConfigurationReference = DF1FBD6F974CB30A0D6658AB /* Pods-testingTinderSwipe.release.xcconfig */;
			buildSettings = {
				ASSETCATALOG_COMPILER_APPICON_NAME = AppIcon;
				CODE_SIGN_STYLE = Automatic;
				DEVELOPMENT_TEAM = Z4DQ55RV4A;
				INFOPLIST_FILE = testingTinderSwipe/Info.plist;
				IPHONEOS_DEPLOYMENT_TARGET = 11.0;
				LD_RUNPATH_SEARCH_PATHS = "$(inherited) @executable_path/Frameworks";
				PRODUCT_BUNDLE_IDENTIFIER = com.prpg.testingTinderSwipe;
				PRODUCT_NAME = "$(TARGET_NAME)";
				SWIFT_VERSION = 4.0;
				TARGETED_DEVICE_FAMILY = "1,2";
			};
			name = Release;
		};
/* End XCBuildConfiguration section */

/* Begin XCConfigurationList section */
		E1B3FC971FBDA0FD0038ADF9 /* Build configuration list for PBXProject "testingTinderSwipe" */ = {
			isa = XCConfigurationList;
			buildConfigurations = (
				E1B3FCAC1FBDA0FD0038ADF9 /* Debug */,
				E1B3FCAD1FBDA0FD0038ADF9 /* Release */,
			);
			defaultConfigurationIsVisible = 0;
			defaultConfigurationName = Release;
		};
		E1B3FCAE1FBDA0FD0038ADF9 /* Build configuration list for PBXNativeTarget "testingTinderSwipe" */ = {
			isa = XCConfigurationList;
			buildConfigurations = (
				E1B3FCAF1FBDA0FD0038ADF9 /* Debug */,
				E1B3FCB01FBDA0FD0038ADF9 /* Release */,
			);
			defaultConfigurationIsVisible = 0;
			defaultConfigurationName = Release;
		};
/* End XCConfigurationList section */
	};
	rootObject = E1B3FC941FBDA0FD0038ADF9 /* Project object */;
}
